
Microsoft Visual Studio Solution File, Format Version 10.00
# Visual Studio 2008
Project("{8BC9CEB8-8B4A-11D0-8D11-00A0C91BC942}") = "wgnuplot", "wgnuplot.vcproj", "{9E9A0A29-1468-4E69-9964-9526703E5DBA}"
EndProject
Global
	GlobalSection(SolutionConfigurationPlatforms) = preSolution
		Debug|Toradex_CE600 (ARMv4I) = Debug|Toradex_CE600 (ARMv4I)
		Release|Toradex_CE600 (ARMv4I) = Release|Toradex_CE600 (ARMv4I)
	EndGlobalSection
	GlobalSection(ProjectConfigurationPlatforms) = postSolution
		{9E9A0A29-1468-4E69-9964-9526703E5DBA}.Debug|Toradex_CE600 (ARMv4I).ActiveCfg = Debug|Toradex_CE600 (ARMv4I)
		{9E9A0A29-1468-4E69-9964-9526703E5DBA}.Debug|Toradex_CE600 (ARMv4I).Build.0 = Debug|Toradex_CE600 (ARMv4I)
		{9E9A0A29-1468-4E69-9964-9526703E5DBA}.Debug|Toradex_CE600 (ARMv4I).Deploy.0 = Debug|Toradex_CE600 (ARMv4I)
		{9E9A0A29-1468-4E69-9964-9526703E5DBA}.Release|Toradex_CE600 (ARMv4I).ActiveCfg = Release|Toradex_CE600 (ARMv4I)
		{9E9A0A29-1468-4E69-9964-9526703E5DBA}.Release|Toradex_CE600 (ARMv4I).Build.0 = Release|Toradex_CE600 (ARMv4I)
		{9E9A0A29-1468-4E69-9964-9526703E5DBA}.Release|Toradex_CE600 (ARMv4I).Deploy.0 = Release|Toradex_CE600 (ARMv4I)
	EndGlobalSection
	GlobalSection(SolutionProperties) = preSolution
		HideSolutionNode = FALSE
	EndGlobalSection
EndGlobal
